
Microsoft Visual Studio Solution File, Format Version 12.00
# Visual Studio Version 17
VisualStudioVersion = 17.0.31808.319
MinimumVisualStudioVersion = 10.0.40219.1
#if (commonLibraries)
Project("{2150E333-8FDC-42A3-9474-1A3956D46DE8}") = ".nuget", ".nuget", "{1095FB23-B2A1-4FD6-BC12-433529EEA56E}"
	ProjectSection(SolutionItems) = preProject
		nuget.config = nuget.config
	EndProjectSection
EndProject
Project("{2150E333-8FDC-42A3-9474-1A3956D46DE8}") = "Common", "Common", "{8BFE9C37-2620-4156-88B8-286537954C5E}"
EndProject
#if (tests)
Project("{2150E333-8FDC-42A3-9474-1A3956D46DE8}") = "Tests", "Tests", "{35484293-234F-40DA-B430-A95170EDE449}"
EndProject
#endif
#if (keycloakConfig)
Project("{2150E333-8FDC-42A3-9474-1A3956D46DE8}") = "KeyCloak", "KeyCloak", "{29DFBC35-3DA6-4C68-AA97-5CCE06D80917}"
	ProjectSection(SolutionItems) = preProject
		realm-export-template.json = realm-export-template.json
	EndProjectSection
EndProject
#endif
#if (tests)
Project("{9A19103F-16F7-4668-BE54-9A1E7A4F7556}") = "Monaco.Template.Backend.Common.Domain.Tests", "Monaco.Template.Backend.Common.Domain.Tests\Monaco.Template.Backend.Common.Domain.Tests.csproj", "{426A6AB4-95F6-46AC-AB6D-98C4612F74E5}"
EndProject
#endif
#if (apiService)
Project("{9A19103F-16F7-4668-BE54-9A1E7A4F7556}") = "Monaco.Template.Backend.Common.Api", "Monaco.Template.Backend.Common.Api\Monaco.Template.Backend.Common.Api.csproj", "{78120DEF-B581-4D6B-92D7-1735070ACB7F}"
EndProject
#endif
Project("{9A19103F-16F7-4668-BE54-9A1E7A4F7556}") = "Monaco.Template.Backend.Common.Application", "Monaco.Template.Backend.Common.Application\Monaco.Template.Backend.Common.Application.csproj", "{BFD5F082-8402-45DE-8ABA-EBB354BD2858}"
EndProject
Project("{9A19103F-16F7-4668-BE54-9A1E7A4F7556}") = "Monaco.Template.Backend.Common.Infrastructure", "Monaco.Template.Backend.Common.Infrastructure\Monaco.Template.Backend.Common.Infrastructure.csproj", "{23E5BE73-89F8-4EFE-8F28-27987C4E2DCD}"
EndProject
Project("{9A19103F-16F7-4668-BE54-9A1E7A4F7556}") = "Monaco.Template.Backend.Common.Serilog", "Monaco.Template.Backend.Common.Serilog\Monaco.Template.Backend.Common.Serilog.csproj", "{605588FC-AC96-43A2-BFD9-2A6F27790202}"
EndProject
#if (tests)
Project("{9A19103F-16F7-4668-BE54-9A1E7A4F7556}") = "Monaco.Template.Backend.Common.Tests", "Monaco.Template.Backend.Common.Tests\Monaco.Template.Backend.Common.Tests.csproj", "{B82D784A-81A2-46C5-A966-B472B8FCAD46}"
EndProject
#endif
Project("{9A19103F-16F7-4668-BE54-9A1E7A4F7556}") = "Monaco.Template.Backend.Common.Domain", "Monaco.Template.Backend.Common.Domain\Monaco.Template.Backend.Common.Domain.csproj", "{0FB378C2-9DE1-437F-8A62-774747105CE5}"
EndProject
#if (apiService)
Project("{9A19103F-16F7-4668-BE54-9A1E7A4F7556}") = "Monaco.Template.Backend.Common.Api.Application", "Monaco.Template.Backend.Common.Api.Application\Monaco.Template.Backend.Common.Api.Application.csproj", "{F733BD0F-4C55-4E65-92E8-837191C37357}"
EndProject
#endif
#endif
#if (apiGateway)
Project("{9A19103F-16F7-4668-BE54-9A1E7A4F7556}") = "Monaco.Template.Backend.Common.ApiGateway", "Monaco.Template.Backend.Common.ApiGateway\Monaco.Template.Backend.Common.ApiGateway.csproj", "{815EF0B0-5FDA-4D1E-BACE-DA7E440D5D34}"
EndProject
#endif
#if (tests)
Project("{2150E333-8FDC-42A3-9474-1A3956D46DE8}") = "Tests", "Tests", "{920A23AF-59DA-4453-B825-0549B1C04F5B}"
EndProject
Project("{9A19103F-16F7-4668-BE54-9A1E7A4F7556}") = "Monaco.Template.Backend.Application.Tests", "Monaco.Template.Backend.Application.Tests\Monaco.Template.Backend.Application.Tests.csproj", "{E5781B96-E0CA-4762-9412-C4202E0CA08F}"
EndProject
Project("{9A19103F-16F7-4668-BE54-9A1E7A4F7556}") = "Monaco.Template.Backend.Domain.Tests", "Monaco.Template.Backend.Domain.Tests\Monaco.Template.Backend.Domain.Tests.csproj", "{B09E0906-8522-4B70-8C55-958415DAF21D}"
EndProject
#endif
Project("{9A19103F-16F7-4668-BE54-9A1E7A4F7556}") = "Monaco.Template.Backend.Application", "Monaco.Template.Backend.Application\Monaco.Template.Backend.Application.csproj", "{D43A4BF3-8D08-4EC2-8A99-5C3B92EC71A2}"
EndProject
#if (apiService)
Project("{9A19103F-16F7-4668-BE54-9A1E7A4F7556}") = "Monaco.Template.Backend.Api", "Monaco.Template.Backend.Api\Monaco.Template.Backend.Api.csproj", "{895C8DDB-DD81-4CED-BE86-EFED36DD3732}"
EndProject
#endif
Project("{9A19103F-16F7-4668-BE54-9A1E7A4F7556}") = "Monaco.Template.Backend.Domain", "Monaco.Template.Backend.Domain\Monaco.Template.Backend.Domain.csproj", "{6B21DD04-2484-490C-B108-CC01148B9FC4}"
EndProject
Project("{9A19103F-16F7-4668-BE54-9A1E7A4F7556}") = "Monaco.Template.Backend.Application.Infrastructure", "Monaco.Template.Backend.Application.Infrastructure\Monaco.Template.Backend.Application.Infrastructure.csproj", "{71313461-6A79-47B3-AEB9-5668A88935F2}"
EndProject
Project("{9A19103F-16F7-4668-BE54-9A1E7A4F7556}") = "Monaco.Template.Backend.Application.Infrastructure.Migrations", "Monaco.Template.Backend.Application.Infrastructure.Migrations\Monaco.Template.Backend.Application.Infrastructure.Migrations.csproj", "{1B80E15B-FC20-4B57-A3E5-3B6B3EBDA92F}"
EndProject
#if (filesSupport)
Project("{9A19103F-16F7-4668-BE54-9A1E7A4F7556}") = "Monaco.Template.Backend.Common.BlobStorage", "Monaco.Template.Backend.Common.BlobStorage\Monaco.Template.Backend.Common.BlobStorage.csproj", "{42E51D47-B82F-4A92-B1E5-CD8BE44DE6F0}"
EndProject
#if (tests)
Project("{9A19103F-16F7-4668-BE54-9A1E7A4F7556}") = "Monaco.Template.Backend.Common.BlobStorage.Tests", "Monaco.Template.Backend.Common.BlobStorage.Tests\Monaco.Template.Backend.Common.BlobStorage.Tests.csproj", "{D8623B90-59C1-4753-A0E6-F2DBD4305C9B}"
EndProject
#endif
#endif
#if (workerService)
Project("{9A19103F-16F7-4668-BE54-9A1E7A4F7556}") = "Monaco.Template.Backend.Service", "Monaco.Template.Backend.Service\Monaco.Template.Backend.Service.csproj", "{BAF0203F-B036-46B3-AC04-E3847315B616}"
EndProject
#endif
#if (massTransitIntegration)
Project("{9A19103F-16F7-4668-BE54-9A1E7A4F7556}") = "Monaco.Template.Backend.Messages", "Monaco.Template.Backend.Messages\Monaco.Template.Backend.Messages.csproj", "{CCAA345B-EDE0-441F-8D19-DDAFE52EFB9D}"
EndProject
#endif
#if (apiService)
Project("{2150E333-8FDC-42A3-9474-1A3956D46DE8}") = "Solution Items", "Solution Items", "{72505E8B-B8FE-4FB4-BFCC-03C9E7C57643}"
	ProjectSection(SolutionItems) = preProject
		Monaco.Template.Backend.Api.http = Monaco.Template.Backend.Api.http
	EndProjectSection
EndProject
#endif
Project("{FAE04EC0-301F-11D3-BF4B-00C04F79EFBC}") = "Monaco.Template.Backend.IntegrationTests", "Monaco.Template.Backend.IntegrationTests\Monaco.Template.Backend.IntegrationTests.csproj", "{2624756F-BBBB-4317-A3DF-B5F683700661}"
EndProject
Global
	GlobalSection(SolutionConfigurationPlatforms) = preSolution
		Debug|Any CPU = Debug|Any CPU
		Release|Any CPU = Release|Any CPU
	EndGlobalSection
	GlobalSection(ProjectConfigurationPlatforms) = postSolution
		#if (commonLibraries)
		#if (tests)
		{426A6AB4-95F6-46AC-AB6D-98C4612F74E5}.Debug|Any CPU.ActiveCfg = Debug|Any CPU
		{426A6AB4-95F6-46AC-AB6D-98C4612F74E5}.Debug|Any CPU.Build.0 = Debug|Any CPU
		{426A6AB4-95F6-46AC-AB6D-98C4612F74E5}.Release|Any CPU.ActiveCfg = Release|Any CPU
		{426A6AB4-95F6-46AC-AB6D-98C4612F74E5}.Release|Any CPU.Build.0 = Release|Any CPU
		#endif
		#if (apiService)
		{78120DEF-B581-4D6B-92D7-1735070ACB7F}.Debug|Any CPU.ActiveCfg = Debug|Any CPU
		{78120DEF-B581-4D6B-92D7-1735070ACB7F}.Debug|Any CPU.Build.0 = Debug|Any CPU
		{78120DEF-B581-4D6B-92D7-1735070ACB7F}.Release|Any CPU.ActiveCfg = Release|Any CPU
		{78120DEF-B581-4D6B-92D7-1735070ACB7F}.Release|Any CPU.Build.0 = Release|Any CPU
		#endif
		{BFD5F082-8402-45DE-8ABA-EBB354BD2858}.Debug|Any CPU.ActiveCfg = Debug|Any CPU
		{BFD5F082-8402-45DE-8ABA-EBB354BD2858}.Debug|Any CPU.Build.0 = Debug|Any CPU
		{BFD5F082-8402-45DE-8ABA-EBB354BD2858}.Release|Any CPU.ActiveCfg = Release|Any CPU
		{BFD5F082-8402-45DE-8ABA-EBB354BD2858}.Release|Any CPU.Build.0 = Release|Any CPU
		{23E5BE73-89F8-4EFE-8F28-27987C4E2DCD}.Debug|Any CPU.ActiveCfg = Debug|Any CPU
		{23E5BE73-89F8-4EFE-8F28-27987C4E2DCD}.Debug|Any CPU.Build.0 = Debug|Any CPU
		{23E5BE73-89F8-4EFE-8F28-27987C4E2DCD}.Release|Any CPU.ActiveCfg = Release|Any CPU
		{23E5BE73-89F8-4EFE-8F28-27987C4E2DCD}.Release|Any CPU.Build.0 = Release|Any CPU
		{605588FC-AC96-43A2-BFD9-2A6F27790202}.Debug|Any CPU.ActiveCfg = Debug|Any CPU
		{605588FC-AC96-43A2-BFD9-2A6F27790202}.Debug|Any CPU.Build.0 = Debug|Any CPU
		{605588FC-AC96-43A2-BFD9-2A6F27790202}.Release|Any CPU.ActiveCfg = Release|Any CPU
		{605588FC-AC96-43A2-BFD9-2A6F27790202}.Release|Any CPU.Build.0 = Release|Any CPU
		#if (tests)
		{B82D784A-81A2-46C5-A966-B472B8FCAD46}.Debug|Any CPU.ActiveCfg = Debug|Any CPU
		{B82D784A-81A2-46C5-A966-B472B8FCAD46}.Debug|Any CPU.Build.0 = Debug|Any CPU
		{B82D784A-81A2-46C5-A966-B472B8FCAD46}.Release|Any CPU.ActiveCfg = Release|Any CPU
		{B82D784A-81A2-46C5-A966-B472B8FCAD46}.Release|Any CPU.Build.0 = Release|Any CPU
		#endif
		{0FB378C2-9DE1-437F-8A62-774747105CE5}.Debug|Any CPU.ActiveCfg = Debug|Any CPU
		{0FB378C2-9DE1-437F-8A62-774747105CE5}.Debug|Any CPU.Build.0 = Debug|Any CPU
		{0FB378C2-9DE1-437F-8A62-774747105CE5}.Release|Any CPU.ActiveCfg = Release|Any CPU
		{0FB378C2-9DE1-437F-8A62-774747105CE5}.Release|Any CPU.Build.0 = Release|Any CPU
		#if (apiService)
		{F733BD0F-4C55-4E65-92E8-837191C37357}.Debug|Any CPU.ActiveCfg = Debug|Any CPU
		{F733BD0F-4C55-4E65-92E8-837191C37357}.Debug|Any CPU.Build.0 = Debug|Any CPU
		{F733BD0F-4C55-4E65-92E8-837191C37357}.Release|Any CPU.ActiveCfg = Release|Any CPU
		{F733BD0F-4C55-4E65-92E8-837191C37357}.Release|Any CPU.Build.0 = Release|Any CPU
		#endif
		#endif
		#if (apiGateway)
		{815EF0B0-5FDA-4D1E-BACE-DA7E440D5D34}.Debug|Any CPU.ActiveCfg = Debug|Any CPU
		{815EF0B0-5FDA-4D1E-BACE-DA7E440D5D34}.Debug|Any CPU.Build.0 = Debug|Any CPU
		{815EF0B0-5FDA-4D1E-BACE-DA7E440D5D34}.Release|Any CPU.ActiveCfg = Release|Any CPU
		{815EF0B0-5FDA-4D1E-BACE-DA7E440D5D34}.Release|Any CPU.Build.0 = Release|Any CPU
		#endif
		#if (tests)
		{E5781B96-E0CA-4762-9412-C4202E0CA08F}.Debug|Any CPU.ActiveCfg = Debug|Any CPU
		{E5781B96-E0CA-4762-9412-C4202E0CA08F}.Debug|Any CPU.Build.0 = Debug|Any CPU
		{E5781B96-E0CA-4762-9412-C4202E0CA08F}.Release|Any CPU.ActiveCfg = Release|Any CPU
		{E5781B96-E0CA-4762-9412-C4202E0CA08F}.Release|Any CPU.Build.0 = Release|Any CPU
		{B09E0906-8522-4B70-8C55-958415DAF21D}.Debug|Any CPU.ActiveCfg = Debug|Any CPU
		{B09E0906-8522-4B70-8C55-958415DAF21D}.Debug|Any CPU.Build.0 = Debug|Any CPU
		{B09E0906-8522-4B70-8C55-958415DAF21D}.Release|Any CPU.ActiveCfg = Release|Any CPU
		{B09E0906-8522-4B70-8C55-958415DAF21D}.Release|Any CPU.Build.0 = Release|Any CPU
		#endif
		{D43A4BF3-8D08-4EC2-8A99-5C3B92EC71A2}.Debug|Any CPU.ActiveCfg = Debug|Any CPU
		{D43A4BF3-8D08-4EC2-8A99-5C3B92EC71A2}.Debug|Any CPU.Build.0 = Debug|Any CPU
		{D43A4BF3-8D08-4EC2-8A99-5C3B92EC71A2}.Release|Any CPU.ActiveCfg = Release|Any CPU
		{D43A4BF3-8D08-4EC2-8A99-5C3B92EC71A2}.Release|Any CPU.Build.0 = Release|Any CPU
		#if (apiService)
		{895C8DDB-DD81-4CED-BE86-EFED36DD3732}.Debug|Any CPU.ActiveCfg = Debug|Any CPU
		{895C8DDB-DD81-4CED-BE86-EFED36DD3732}.Debug|Any CPU.Build.0 = Debug|Any CPU
		{895C8DDB-DD81-4CED-BE86-EFED36DD3732}.Release|Any CPU.ActiveCfg = Release|Any CPU
		{895C8DDB-DD81-4CED-BE86-EFED36DD3732}.Release|Any CPU.Build.0 = Release|Any CPU
		#endif
		{6B21DD04-2484-490C-B108-CC01148B9FC4}.Debug|Any CPU.ActiveCfg = Debug|Any CPU
		{6B21DD04-2484-490C-B108-CC01148B9FC4}.Debug|Any CPU.Build.0 = Debug|Any CPU
		{6B21DD04-2484-490C-B108-CC01148B9FC4}.Release|Any CPU.ActiveCfg = Release|Any CPU
		{6B21DD04-2484-490C-B108-CC01148B9FC4}.Release|Any CPU.Build.0 = Release|Any CPU
		{71313461-6A79-47B3-AEB9-5668A88935F2}.Debug|Any CPU.ActiveCfg = Debug|Any CPU
		{71313461-6A79-47B3-AEB9-5668A88935F2}.Debug|Any CPU.Build.0 = Debug|Any CPU
		{71313461-6A79-47B3-AEB9-5668A88935F2}.Release|Any CPU.ActiveCfg = Release|Any CPU
		{71313461-6A79-47B3-AEB9-5668A88935F2}.Release|Any CPU.Build.0 = Release|Any CPU
		{1B80E15B-FC20-4B57-A3E5-3B6B3EBDA92F}.Debug|Any CPU.ActiveCfg = Debug|Any CPU
		{1B80E15B-FC20-4B57-A3E5-3B6B3EBDA92F}.Debug|Any CPU.Build.0 = Debug|Any CPU
		{1B80E15B-FC20-4B57-A3E5-3B6B3EBDA92F}.Release|Any CPU.ActiveCfg = Release|Any CPU
		{1B80E15B-FC20-4B57-A3E5-3B6B3EBDA92F}.Release|Any CPU.Build.0 = Release|Any CPU
		#if (filesSupport)
		{42E51D47-B82F-4A92-B1E5-CD8BE44DE6F0}.Debug|Any CPU.ActiveCfg = Debug|Any CPU
		{42E51D47-B82F-4A92-B1E5-CD8BE44DE6F0}.Debug|Any CPU.Build.0 = Debug|Any CPU
		{42E51D47-B82F-4A92-B1E5-CD8BE44DE6F0}.Release|Any CPU.ActiveCfg = Release|Any CPU
		{42E51D47-B82F-4A92-B1E5-CD8BE44DE6F0}.Release|Any CPU.Build.0 = Release|Any CPU
		#if (tests)
		{D8623B90-59C1-4753-A0E6-F2DBD4305C9B}.Debug|Any CPU.ActiveCfg = Debug|Any CPU
		{D8623B90-59C1-4753-A0E6-F2DBD4305C9B}.Debug|Any CPU.Build.0 = Debug|Any CPU
		{D8623B90-59C1-4753-A0E6-F2DBD4305C9B}.Release|Any CPU.ActiveCfg = Release|Any CPU
		{D8623B90-59C1-4753-A0E6-F2DBD4305C9B}.Release|Any CPU.Build.0 = Release|Any CPU
		#endif
		#endif
		#if (workerService)
		{BAF0203F-B036-46B3-AC04-E3847315B616}.Debug|Any CPU.ActiveCfg = Debug|Any CPU
		{BAF0203F-B036-46B3-AC04-E3847315B616}.Debug|Any CPU.Build.0 = Debug|Any CPU
		{BAF0203F-B036-46B3-AC04-E3847315B616}.Release|Any CPU.ActiveCfg = Release|Any CPU
		{BAF0203F-B036-46B3-AC04-E3847315B616}.Release|Any CPU.Build.0 = Release|Any CPU
		#endif
		#if (massTransitIntegration)
		{CCAA345B-EDE0-441F-8D19-DDAFE52EFB9D}.Debug|Any CPU.ActiveCfg = Debug|Any CPU
		{CCAA345B-EDE0-441F-8D19-DDAFE52EFB9D}.Debug|Any CPU.Build.0 = Debug|Any CPU
		{CCAA345B-EDE0-441F-8D19-DDAFE52EFB9D}.Release|Any CPU.ActiveCfg = Release|Any CPU
		{CCAA345B-EDE0-441F-8D19-DDAFE52EFB9D}.Release|Any CPU.Build.0 = Release|Any CPU
		#endif
		{2624756F-BBBB-4317-A3DF-B5F683700661}.Debug|Any CPU.ActiveCfg = Debug|Any CPU
		{2624756F-BBBB-4317-A3DF-B5F683700661}.Debug|Any CPU.Build.0 = Debug|Any CPU
		{2624756F-BBBB-4317-A3DF-B5F683700661}.Release|Any CPU.ActiveCfg = Release|Any CPU
		{2624756F-BBBB-4317-A3DF-B5F683700661}.Release|Any CPU.Build.0 = Release|Any CPU
	EndGlobalSection
	GlobalSection(SolutionProperties) = preSolution
		HideSolutionNode = FALSE
	EndGlobalSection
	GlobalSection(NestedProjects) = preSolution
		#if (commonLibraries)
		#if (tests)
		{35484293-234F-40DA-B430-A95170EDE449} = {8BFE9C37-2620-4156-88B8-286537954C5E}
		{426A6AB4-95F6-46AC-AB6D-98C4612F74E5} = {35484293-234F-40DA-B430-A95170EDE449}
		#endif
		#if (apiService)
		{78120DEF-B581-4D6B-92D7-1735070ACB7F} = {8BFE9C37-2620-4156-88B8-286537954C5E}
		#endif
		{BFD5F082-8402-45DE-8ABA-EBB354BD2858} = {8BFE9C37-2620-4156-88B8-286537954C5E}
		{23E5BE73-89F8-4EFE-8F28-27987C4E2DCD} = {8BFE9C37-2620-4156-88B8-286537954C5E}
		{605588FC-AC96-43A2-BFD9-2A6F27790202} = {8BFE9C37-2620-4156-88B8-286537954C5E}
		#if (tests)
		{B82D784A-81A2-46C5-A966-B472B8FCAD46} = {8BFE9C37-2620-4156-88B8-286537954C5E}
		#endif
		{0FB378C2-9DE1-437F-8A62-774747105CE5} = {8BFE9C37-2620-4156-88B8-286537954C5E}
		#if (apiService)
		{F733BD0F-4C55-4E65-92E8-837191C37357} = {8BFE9C37-2620-4156-88B8-286537954C5E}
		#endif
		#endif
		#if (apiGateway)
		{815EF0B0-5FDA-4D1E-BACE-DA7E440D5D34} = {8BFE9C37-2620-4156-88B8-286537954C5E}
		#endif
		#if (tests)
		{E5781B96-E0CA-4762-9412-C4202E0CA08F} = {920A23AF-59DA-4453-B825-0549B1C04F5B}
		{B09E0906-8522-4B70-8C55-958415DAF21D} = {920A23AF-59DA-4453-B825-0549B1C04F5B}
		#endif
		#if (filesSupport)
		{42E51D47-B82F-4A92-B1E5-CD8BE44DE6F0} = {8BFE9C37-2620-4156-88B8-286537954C5E}
		#if (tests)
		{D8623B90-59C1-4753-A0E6-F2DBD4305C9B} = {35484293-234F-40DA-B430-A95170EDE449}
		#endif
		#endif
		{2624756F-BBBB-4317-A3DF-B5F683700661} = {920A23AF-59DA-4453-B825-0549B1C04F5B}
	EndGlobalSection
	GlobalSection(ExtensibilityGlobals) = postSolution
		SolutionGuid = {42C5F44E-1221-43DF-A6F5-4CB2CBEF8D72}
	EndGlobalSection
EndGlobal
